
Microsoft Visual Studio Solution File, Format Version 12.00
# Visual Studio Version 16
VisualStudioVersion = 16.0.29728.190
MinimumVisualStudioVersion = 10.0.40219.1
Project("{FAE04EC0-301F-11D3-BF4B-00C04F79EFBC}") = "Qx.Functions", "Qx.Functions.csproj", "{2C1E1792-674A-4E91-BCC1-7380884F5527}"
EndProject
Project("{FAE04EC0-301F-11D3-BF4B-00C04F79EFBC}") = "Qx.Services", "..\Qx.Services\Qx.Services.csproj", "{FF4F22F8-5FBB-4E6A-9F82-D86D1AC49A3D}"
EndProject
Global
	GlobalSection(SolutionConfigurationPlatforms) = preSolution
		Debug|Any CPU = Debug|Any CPU
		Release|Any CPU = Release|Any CPU
	EndGlobalSection
	GlobalSection(ProjectConfigurationPlatforms) = postSolution
		{2C1E1792-674A-4E91-BCC1-7380884F5527}.Debug|Any CPU.ActiveCfg = Debug|Any CPU
		{2C1E1792-674A-4E91-BCC1-7380884F5527}.Debug|Any CPU.Build.0 = Debug|Any CPU
		{2C1E1792-674A-4E91-BCC1-7380884F5527}.Release|Any CPU.ActiveCfg = Release|Any CPU
		{2C1E1792-674A-4E91-BCC1-7380884F5527}.Release|Any CPU.Build.0 = Release|Any CPU
		{FF4F22F8-5FBB-4E6A-9F82-D86D1AC49A3D}.Debug|Any CPU.ActiveCfg = Debug|Any CPU
		{FF4F22F8-5FBB-4E6A-9F82-D86D1AC49A3D}.Debug|Any CPU.Build.0 = Debug|Any CPU
		{FF4F22F8-5FBB-4E6A-9F82-D86D1AC49A3D}.Release|Any CPU.ActiveCfg = Release|Any CPU
		{FF4F22F8-5FBB-4E6A-9F82-D86D1AC49A3D}.Release|Any CPU.Build.0 = Release|Any CPU
	EndGlobalSection
	GlobalSection(SolutionProperties) = preSolution
		HideSolutionNode = FALSE
	EndGlobalSection
	GlobalSection(ExtensibilityGlobals) = postSolution
		SolutionGuid = {21B3A1CC-E4C6-4FCC-AD4C-357D04E552A5}
	EndGlobalSection
EndGlobal
